
Microsoft Visual Studio Solution File, Format Version 12.00
# Visual Studio Version 17
Project("{2150E333-8FDC-42A3-9474-1A3956D46DE8}") = "CMake", "CMake", "{3FC62316-85E8-3095-8F43-2FA9DD69A8F8}"
EndProject
Project("{2150E333-8FDC-42A3-9474-1A3956D46DE8}") = "SFML", "SFML", "{BC8AD528-F89C-3B2A-B4AB-AF447B707B03}"
EndProject
Project("{8BC9CEB8-8B4A-11D0-8D11-00A0C91BC942}") = "ALL_BUILD", "ALL_BUILD.vcxproj", "{88EFA88B-7884-3869-9F44-94FCCA76EF46}"
	ProjectSection(ProjectDependencies) = postProject
		{E0B3D85A-93F4-32B6-9470-9F8F7ED25B8C} = {E0B3D85A-93F4-32B6-9470-9F8F7ED25B8C}
		{15C2EB1E-9FB2-37F6-93DF-4173994BDEE2} = {15C2EB1E-9FB2-37F6-93DF-4173994BDEE2}
		{28BEBD5D-751D-399F-AFAD-347154F7B164} = {28BEBD5D-751D-399F-AFAD-347154F7B164}
		{16A1A9C6-D541-34D2-BFD1-C36F3CD7F0D0} = {16A1A9C6-D541-34D2-BFD1-C36F3CD7F0D0}
		{32F935C7-AEB4-34C8-BAC7-0EE85B6D842A} = {32F935C7-AEB4-34C8-BAC7-0EE85B6D842A}
		{6FDF50E5-9CBC-3F0C-9F6F-7D2309C62DA9} = {6FDF50E5-9CBC-3F0C-9F6F-7D2309C62DA9}
		{577A8E7C-EFE5-360D-9903-3C2D15FB304A} = {577A8E7C-EFE5-360D-9903-3C2D15FB304A}
	EndProjectSection
EndProject
Project("{8BC9CEB8-8B4A-11D0-8D11-00A0C91BC942}") = "INSTALL", "INSTALL.vcxproj", "{EBE3EB93-F351-3170-9580-0BB7BC030C74}"
	ProjectSection(ProjectDependencies) = postProject
		{88EFA88B-7884-3869-9F44-94FCCA76EF46} = {88EFA88B-7884-3869-9F44-94FCCA76EF46}
		{E0B3D85A-93F4-32B6-9470-9F8F7ED25B8C} = {E0B3D85A-93F4-32B6-9470-9F8F7ED25B8C}
	EndProjectSection
EndProject
Project("{8BC9CEB8-8B4A-11D0-8D11-00A0C91BC942}") = "PACKAGE", "PACKAGE.vcxproj", "{3D993028-707C-3762-8F5D-1029F193E2BA}"
	ProjectSection(ProjectDependencies) = postProject
		{88EFA88B-7884-3869-9F44-94FCCA76EF46} = {88EFA88B-7884-3869-9F44-94FCCA76EF46}
		{E0B3D85A-93F4-32B6-9470-9F8F7ED25B8C} = {E0B3D85A-93F4-32B6-9470-9F8F7ED25B8C}
	EndProjectSection
EndProject
Project("{8BC9CEB8-8B4A-11D0-8D11-00A0C91BC942}") = "ZERO_CHECK", "..\..\\ZERO_CHECK.vcxproj", "{E0B3D85A-93F4-32B6-9470-9F8F7ED25B8C}"
	ProjectSection(ProjectDependencies) = postProject
	EndProjectSection
EndProject
Project("{8BC9CEB8-8B4A-11D0-8D11-00A0C91BC942}") = "sfml-audio", "src\SFML\Audio\sfml-audio.vcxproj", "{15C2EB1E-9FB2-37F6-93DF-4173994BDEE2}"
	ProjectSection(ProjectDependencies) = postProject
		{E0B3D85A-93F4-32B6-9470-9F8F7ED25B8C} = {E0B3D85A-93F4-32B6-9470-9F8F7ED25B8C}
		{6FDF50E5-9CBC-3F0C-9F6F-7D2309C62DA9} = {6FDF50E5-9CBC-3F0C-9F6F-7D2309C62DA9}
	EndProjectSection
EndProject
Project("{8BC9CEB8-8B4A-11D0-8D11-00A0C91BC942}") = "sfml-graphics", "src\SFML\Graphics\sfml-graphics.vcxproj", "{28BEBD5D-751D-399F-AFAD-347154F7B164}"
	ProjectSection(ProjectDependencies) = postProject
		{E0B3D85A-93F4-32B6-9470-9F8F7ED25B8C} = {E0B3D85A-93F4-32B6-9470-9F8F7ED25B8C}
		{6FDF50E5-9CBC-3F0C-9F6F-7D2309C62DA9} = {6FDF50E5-9CBC-3F0C-9F6F-7D2309C62DA9}
		{577A8E7C-EFE5-360D-9903-3C2D15FB304A} = {577A8E7C-EFE5-360D-9903-3C2D15FB304A}
	EndProjectSection
EndProject
Project("{8BC9CEB8-8B4A-11D0-8D11-00A0C91BC942}") = "sfml-main", "src\SFML\Main\sfml-main.vcxproj", "{16A1A9C6-D541-34D2-BFD1-C36F3CD7F0D0}"
	ProjectSection(ProjectDependencies) = postProject
		{E0B3D85A-93F4-32B6-9470-9F8F7ED25B8C} = {E0B3D85A-93F4-32B6-9470-9F8F7ED25B8C}
	EndProjectSection
EndProject
Project("{8BC9CEB8-8B4A-11D0-8D11-00A0C91BC942}") = "sfml-network", "src\SFML\Network\sfml-network.vcxproj", "{32F935C7-AEB4-34C8-BAC7-0EE85B6D842A}"
	ProjectSection(ProjectDependencies) = postProject
		{E0B3D85A-93F4-32B6-9470-9F8F7ED25B8C} = {E0B3D85A-93F4-32B6-9470-9F8F7ED25B8C}
		{6FDF50E5-9CBC-3F0C-9F6F-7D2309C62DA9} = {6FDF50E5-9CBC-3F0C-9F6F-7D2309C62DA9}
	EndProjectSection
EndProject
Project("{8BC9CEB8-8B4A-11D0-8D11-00A0C91BC942}") = "sfml-system", "src\SFML\System\sfml-system.vcxproj", "{6FDF50E5-9CBC-3F0C-9F6F-7D2309C62DA9}"
	ProjectSection(ProjectDependencies) = postProject
		{E0B3D85A-93F4-32B6-9470-9F8F7ED25B8C} = {E0B3D85A-93F4-32B6-9470-9F8F7ED25B8C}
	EndProjectSection
EndProject
Project("{8BC9CEB8-8B4A-11D0-8D11-00A0C91BC942}") = "sfml-window", "src\SFML\Window\sfml-window.vcxproj", "{577A8E7C-EFE5-360D-9903-3C2D15FB304A}"
	ProjectSection(ProjectDependencies) = postProject
		{E0B3D85A-93F4-32B6-9470-9F8F7ED25B8C} = {E0B3D85A-93F4-32B6-9470-9F8F7ED25B8C}
		{6FDF50E5-9CBC-3F0C-9F6F-7D2309C62DA9} = {6FDF50E5-9CBC-3F0C-9F6F-7D2309C62DA9}
	EndProjectSection
EndProject
Global
	GlobalSection(SolutionConfigurationPlatforms) = preSolution
		Debug|x64 = Debug|x64
		Release|x64 = Release|x64
		MinSizeRel|x64 = MinSizeRel|x64
		RelWithDebInfo|x64 = RelWithDebInfo|x64
	EndGlobalSection
	GlobalSection(ProjectConfigurationPlatforms) = postSolution
		{88EFA88B-7884-3869-9F44-94FCCA76EF46}.Debug|x64.ActiveCfg = Debug|x64
		{88EFA88B-7884-3869-9F44-94FCCA76EF46}.Debug|x64.Build.0 = Debug|x64
		{88EFA88B-7884-3869-9F44-94FCCA76EF46}.Release|x64.ActiveCfg = Release|x64
		{88EFA88B-7884-3869-9F44-94FCCA76EF46}.Release|x64.Build.0 = Release|x64
		{88EFA88B-7884-3869-9F44-94FCCA76EF46}.MinSizeRel|x64.ActiveCfg = MinSizeRel|x64
		{88EFA88B-7884-3869-9F44-94FCCA76EF46}.MinSizeRel|x64.Build.0 = MinSizeRel|x64
		{88EFA88B-7884-3869-9F44-94FCCA76EF46}.RelWithDebInfo|x64.ActiveCfg = RelWithDebInfo|x64
		{88EFA88B-7884-3869-9F44-94FCCA76EF46}.RelWithDebInfo|x64.Build.0 = RelWithDebInfo|x64
		{EBE3EB93-F351-3170-9580-0BB7BC030C74}.Debug|x64.ActiveCfg = Debug|x64
		{EBE3EB93-F351-3170-9580-0BB7BC030C74}.Release|x64.ActiveCfg = Release|x64
		{EBE3EB93-F351-3170-9580-0BB7BC030C74}.MinSizeRel|x64.ActiveCfg = MinSizeRel|x64
		{EBE3EB93-F351-3170-9580-0BB7BC030C74}.RelWithDebInfo|x64.ActiveCfg = RelWithDebInfo|x64
		{3D993028-707C-3762-8F5D-1029F193E2BA}.Debug|x64.ActiveCfg = Debug|x64
		{3D993028-707C-3762-8F5D-1029F193E2BA}.Release|x64.ActiveCfg = Release|x64
		{3D993028-707C-3762-8F5D-1029F193E2BA}.MinSizeRel|x64.ActiveCfg = MinSizeRel|x64
		{3D993028-707C-3762-8F5D-1029F193E2BA}.RelWithDebInfo|x64.ActiveCfg = RelWithDebInfo|x64
		{E0B3D85A-93F4-32B6-9470-9F8F7ED25B8C}.Debug|x64.ActiveCfg = Debug|x64
		{E0B3D85A-93F4-32B6-9470-9F8F7ED25B8C}.Debug|x64.Build.0 = Debug|x64
		{E0B3D85A-93F4-32B6-9470-9F8F7ED25B8C}.Release|x64.ActiveCfg = Release|x64
		{E0B3D85A-93F4-32B6-9470-9F8F7ED25B8C}.Release|x64.Build.0 = Release|x64
		{E0B3D85A-93F4-32B6-9470-9F8F7ED25B8C}.MinSizeRel|x64.ActiveCfg = MinSizeRel|x64
		{E0B3D85A-93F4-32B6-9470-9F8F7ED25B8C}.MinSizeRel|x64.Build.0 = MinSizeRel|x64
		{E0B3D85A-93F4-32B6-9470-9F8F7ED25B8C}.RelWithDebInfo|x64.ActiveCfg = RelWithDebInfo|x64
		{E0B3D85A-93F4-32B6-9470-9F8F7ED25B8C}.RelWithDebInfo|x64.Build.0 = RelWithDebInfo|x64
		{15C2EB1E-9FB2-37F6-93DF-4173994BDEE2}.Debug|x64.ActiveCfg = Debug|x64
		{15C2EB1E-9FB2-37F6-93DF-4173994BDEE2}.Debug|x64.Build.0 = Debug|x64
		{15C2EB1E-9FB2-37F6-93DF-4173994BDEE2}.Release|x64.ActiveCfg = Release|x64
		{15C2EB1E-9FB2-37F6-93DF-4173994BDEE2}.Release|x64.Build.0 = Release|x64
		{15C2EB1E-9FB2-37F6-93DF-4173994BDEE2}.MinSizeRel|x64.ActiveCfg = MinSizeRel|x64
		{15C2EB1E-9FB2-37F6-93DF-4173994BDEE2}.MinSizeRel|x64.Build.0 = MinSizeRel|x64
		{15C2EB1E-9FB2-37F6-93DF-4173994BDEE2}.RelWithDebInfo|x64.ActiveCfg = RelWithDebInfo|x64
		{15C2EB1E-9FB2-37F6-93DF-4173994BDEE2}.RelWithDebInfo|x64.Build.0 = RelWithDebInfo|x64
		{28BEBD5D-751D-399F-AFAD-347154F7B164}.Debug|x64.ActiveCfg = Debug|x64
		{28BEBD5D-751D-399F-AFAD-347154F7B164}.Debug|x64.Build.0 = Debug|x64
		{28BEBD5D-751D-399F-AFAD-347154F7B164}.Release|x64.ActiveCfg = Release|x64
		{28BEBD5D-751D-399F-AFAD-347154F7B164}.Release|x64.Build.0 = Release|x64
		{28BEBD5D-751D-399F-AFAD-347154F7B164}.MinSizeRel|x64.ActiveCfg = MinSizeRel|x64
		{28BEBD5D-751D-399F-AFAD-347154F7B164}.MinSizeRel|x64.Build.0 = MinSizeRel|x64
		{28BEBD5D-751D-399F-AFAD-347154F7B164}.RelWithDebInfo|x64.ActiveCfg = RelWithDebInfo|x64
		{28BEBD5D-751D-399F-AFAD-347154F7B164}.RelWithDebInfo|x64.Build.0 = RelWithDebInfo|x64
		{16A1A9C6-D541-34D2-BFD1-C36F3CD7F0D0}.Debug|x64.ActiveCfg = Debug|x64
		{16A1A9C6-D541-34D2-BFD1-C36F3CD7F0D0}.Debug|x64.Build.0 = Debug|x64
		{16A1A9C6-D541-34D2-BFD1-C36F3CD7F0D0}.Release|x64.ActiveCfg = Release|x64
		{16A1A9C6-D541-34D2-BFD1-C36F3CD7F0D0}.Release|x64.Build.0 = Release|x64
		{16A1A9C6-D541-34D2-BFD1-C36F3CD7F0D0}.MinSizeRel|x64.ActiveCfg = MinSizeRel|x64
		{16A1A9C6-D541-34D2-BFD1-C36F3CD7F0D0}.MinSizeRel|x64.Build.0 = MinSizeRel|x64
		{16A1A9C6-D541-34D2-BFD1-C36F3CD7F0D0}.RelWithDebInfo|x64.ActiveCfg = RelWithDebInfo|x64
		{16A1A9C6-D541-34D2-BFD1-C36F3CD7F0D0}.RelWithDebInfo|x64.Build.0 = RelWithDebInfo|x64
		{32F935C7-AEB4-34C8-BAC7-0EE85B6D842A}.Debug|x64.ActiveCfg = Debug|x64
		{32F935C7-AEB4-34C8-BAC7-0EE85B6D842A}.Debug|x64.Build.0 = Debug|x64
		{32F935C7-AEB4-34C8-BAC7-0EE85B6D842A}.Release|x64.ActiveCfg = Release|x64
		{32F935C7-AEB4-34C8-BAC7-0EE85B6D842A}.Release|x64.Build.0 = Release|x64
		{32F935C7-AEB4-34C8-BAC7-0EE85B6D842A}.MinSizeRel|x64.ActiveCfg = MinSizeRel|x64
		{32F935C7-AEB4-34C8-BAC7-0EE85B6D842A}.MinSizeRel|x64.Build.0 = MinSizeRel|x64
		{32F935C7-AEB4-34C8-BAC7-0EE85B6D842A}.RelWithDebInfo|x64.ActiveCfg = RelWithDebInfo|x64
		{32F935C7-AEB4-34C8-BAC7-0EE85B6D842A}.RelWithDebInfo|x64.Build.0 = RelWithDebInfo|x64
		{6FDF50E5-9CBC-3F0C-9F6F-7D2309C62DA9}.Debug|x64.ActiveCfg = Debug|x64
		{6FDF50E5-9CBC-3F0C-9F6F-7D2309C62DA9}.Debug|x64.Build.0 = Debug|x64
		{6FDF50E5-9CBC-3F0C-9F6F-7D2309C62DA9}.Release|x64.ActiveCfg = Release|x64
		{6FDF50E5-9CBC-3F0C-9F6F-7D2309C62DA9}.Release|x64.Build.0 = Release|x64
		{6FDF50E5-9CBC-3F0C-9F6F-7D2309C62DA9}.MinSizeRel|x64.ActiveCfg = MinSizeRel|x64
		{6FDF50E5-9CBC-3F0C-9F6F-7D2309C62DA9}.MinSizeRel|x64.Build.0 = MinSizeRel|x64
		{6FDF50E5-9CBC-3F0C-9F6F-7D2309C62DA9}.RelWithDebInfo|x64.ActiveCfg = RelWithDebInfo|x64
		{6FDF50E5-9CBC-3F0C-9F6F-7D2309C62DA9}.RelWithDebInfo|x64.Build.0 = RelWithDebInfo|x64
		{577A8E7C-EFE5-360D-9903-3C2D15FB304A}.Debug|x64.ActiveCfg = Debug|x64
		{577A8E7C-EFE5-360D-9903-3C2D15FB304A}.Debug|x64.Build.0 = Debug|x64
		{577A8E7C-EFE5-360D-9903-3C2D15FB304A}.Release|x64.ActiveCfg = Release|x64
		{577A8E7C-EFE5-360D-9903-3C2D15FB304A}.Release|x64.Build.0 = Release|x64
		{577A8E7C-EFE5-360D-9903-3C2D15FB304A}.MinSizeRel|x64.ActiveCfg = MinSizeRel|x64
		{577A8E7C-EFE5-360D-9903-3C2D15FB304A}.MinSizeRel|x64.Build.0 = MinSizeRel|x64
		{577A8E7C-EFE5-360D-9903-3C2D15FB304A}.RelWithDebInfo|x64.ActiveCfg = RelWithDebInfo|x64
		{577A8E7C-EFE5-360D-9903-3C2D15FB304A}.RelWithDebInfo|x64.Build.0 = RelWithDebInfo|x64
	EndGlobalSection
	GlobalSection(NestedProjects) = preSolution
		{88EFA88B-7884-3869-9F44-94FCCA76EF46} = {3FC62316-85E8-3095-8F43-2FA9DD69A8F8}
		{EBE3EB93-F351-3170-9580-0BB7BC030C74} = {3FC62316-85E8-3095-8F43-2FA9DD69A8F8}
		{3D993028-707C-3762-8F5D-1029F193E2BA} = {3FC62316-85E8-3095-8F43-2FA9DD69A8F8}
		{E0B3D85A-93F4-32B6-9470-9F8F7ED25B8C} = {3FC62316-85E8-3095-8F43-2FA9DD69A8F8}
		{15C2EB1E-9FB2-37F6-93DF-4173994BDEE2} = {BC8AD528-F89C-3B2A-B4AB-AF447B707B03}
		{28BEBD5D-751D-399F-AFAD-347154F7B164} = {BC8AD528-F89C-3B2A-B4AB-AF447B707B03}
		{16A1A9C6-D541-34D2-BFD1-C36F3CD7F0D0} = {BC8AD528-F89C-3B2A-B4AB-AF447B707B03}
		{32F935C7-AEB4-34C8-BAC7-0EE85B6D842A} = {BC8AD528-F89C-3B2A-B4AB-AF447B707B03}
		{6FDF50E5-9CBC-3F0C-9F6F-7D2309C62DA9} = {BC8AD528-F89C-3B2A-B4AB-AF447B707B03}
		{577A8E7C-EFE5-360D-9903-3C2D15FB304A} = {BC8AD528-F89C-3B2A-B4AB-AF447B707B03}
	EndGlobalSection
	GlobalSection(ExtensibilityGlobals) = postSolution
		SolutionGuid = {5E30C472-6053-3A6B-BBB8-FC5AC8E9C4DB}
	EndGlobalSection
	GlobalSection(ExtensibilityAddIns) = postSolution
	EndGlobalSection
EndGlobal
